
Microsoft Visual Studio Solution File, Format Version 12.00
# Visual Studio Version 17
VisualStudioVersion = 17.5.002.0
MinimumVisualStudioVersion = 10.0.40219.1
Project("{9A19103F-16F7-4668-BE54-9A1E7A4F7556}") = "magnus-backend", "magnus-backend.csproj", "{1522F808-4432-4BD1-9FBE-708416EF77EE}"
EndProject
Global
	GlobalSection(SolutionConfigurationPlatforms) = preSolution
		Debug|Any CPU = Debug|Any CPU
		Release|Any CPU = Release|Any CPU
	EndGlobalSection
	GlobalSection(ProjectConfigurationPlatforms) = postSolution
		{1522F808-4432-4BD1-9FBE-708416EF77EE}.Debug|Any CPU.ActiveCfg = Debug|Any CPU
		{1522F808-4432-4BD1-9FBE-708416EF77EE}.Debug|Any CPU.Build.0 = Debug|Any CPU
		{1522F808-4432-4BD1-9FBE-708416EF77EE}.Release|Any CPU.ActiveCfg = Release|Any CPU
		{1522F808-4432-4BD1-9FBE-708416EF77EE}.Release|Any CPU.Build.0 = Release|Any CPU
	EndGlobalSection
	GlobalSection(SolutionProperties) = preSolution
		HideSolutionNode = FALSE
	EndGlobalSection
	GlobalSection(ExtensibilityGlobals) = postSolution
		SolutionGuid = {B1BCD744-0994-4D71-B6E1-6B915CB6BF84}
	EndGlobalSection
EndGlobal
